<?xml version="1.0" encoding="utf-8"?>
<Project ToolsVersion="4.0" xmlns="http://schemas.microsoft.com/developer/msbuild/2003">
  <ItemGroup>
    <Filter Include="Header Files">
      <UniqueIdentifier>{93995380-89BD-4b04-88EB-625FBE52EBFB}</UniqueIdentifier>
      <Extensions>h;hpp;hxx;hm;inl;inc;xsd</Extensions>
    </Filter>
    <Filter Include="Resource Files">
      <UniqueIdentifier>{67DA6AB6-F800-4c08-8B7A-83BB121AAD01}</UniqueIdentifier>
      <Extensions>rc;ico;cur;bmp;dlg;rc2;rct;bin;rgs;gif;jpg;jpeg;jpe;resx</Extensions>
    </Filter>
    <Filter Include="Source Files">
      <UniqueIdentifier>{4FC737F1-C7A5-4376-A066-2A32D752A2FF}</UniqueIdentifier>
      <Extensions>cpp;c;cc;cxx;def;odl;idl;hpj;bat;asm;asmx</Extensions>
    </Filter>
  </ItemGroup>
  <ItemGroup>
    <ClInclude Include="include\AccSynthHashMatrix.h">
      <Filter>Header Files</Filter>
    </ClInclude>
    <ClInclude Include="include\autoGenHashMatrix.h">
      <Filter>Header Files</Filter>
    </ClInclude>
    <ClInclude Include="include\Constants.h">
      <Filter>Header Files</Filter>
    </ClInclude>
    <ClInclude Include="include\ContactModel.h">
      <Filter>Header Files</Filter>
    </ClInclude>
    <ClInclude Include="include\foreach.hpp">
      <Filter>Header Files</Filter>
    </ClInclude>
    <ClInclude Include="include\pugiconfig.hpp">
      <Filter>Header Files</Filter>
    </ClInclude>
    <ClInclude Include="include\pugixml.hpp">
      <Filter>Header Files</Filter>
    </ClInclude>
    <ClInclude Include="include\shared.h">
      <Filter>Header Files</Filter>
    </ClInclude>
    <ClInclude Include="include\sharedInit.h">
      <Filter>Header Files</Filter>
    </ClInclude>
  </ItemGroup>
  <ItemGroup>
    <ClCompile Include="src\AccSynthHashMatrix.cpp">
      <Filter>Source Files</Filter>
    </ClCompile>
    <ClCompile Include="src\ContactModel.cpp">
      <Filter>Source Files</Filter>
    </ClCompile>
    <ClCompile Include="src\helper.cpp">
      <Filter>Source Files</Filter>
    </ClCompile>
    <ClCompile Include="src\main.cpp">
      <Filter>Source Files</Filter>
    </ClCompile>
    <ClCompile Include="src\pugixml.cpp">
      <Filter>Source Files</Filter>
    </ClCompile>
  </ItemGroup>
  <ItemGroup>
    <Xml Include="build\XML\Models_ABS Plastic.xml" />
    <Xml Include="build\XML\Models_Aluminum Foil.xml" />
    <Xml Include="build\XML\Models_Aluminum.xml" />
    <Xml Include="build\XML\Models_Artificial Grass.xml" />
    <Xml Include="build\XML\Models_Athletic Shirt.xml" />
    <Xml Include="build\XML\Models_Binder.xml" />
    <Xml Include="build\XML\Models_Blanket.xml" />
    <Xml Include="build\XML\Models_Book.xml" />
    <Xml Include="build\XML\Models_Brick 1.xml" />
    <Xml Include="build\XML\Models_Brick 2.xml" />
    <Xml Include="build\XML\Models_Bubble Envelope.xml" />
    <Xml Include="build\XML\Models_Candle.xml" />
    <Xml Include="build\XML\Models_Canvas 1.xml" />
    <Xml Include="build\XML\Models_Canvas 2.xml" />
    <Xml Include="build\XML\Models_Canvas 3.xml" />
    <Xml Include="build\XML\Models_Carbon Fiber.xml" />
    <Xml Include="build\XML\Models_Cardboard.xml" />
    <Xml Include="build\XML\Models_Carpet 1.xml" />
    <Xml Include="build\XML\Models_Carpet 2.xml" />
    <Xml Include="build\XML\Models_Carpet 3.xml" />
    <Xml Include="build\XML\Models_Carpet 4.xml" />
    <Xml Include="build\XML\Models_CD Sleeve.xml" />
    <Xml Include="build\XML\Models_Ceramic.xml" />
    <Xml Include="build\XML\Models_Coffee Filter.xml" />
    <Xml Include="build\XML\Models_Cork.xml" />
    <Xml Include="build\XML\Models_Cotton.xml" />
    <Xml Include="build\XML\Models_Denim.xml" />
    <Xml Include="build\XML\Models_Dot Paper.xml" />
    <Xml Include="build\XML\Models_EPDM Foam.xml" />
    <Xml Include="build\XML\Models_Felt.xml" />
    <Xml Include="build\XML\Models_Flannel.xml" />
    <Xml Include="build\XML\Models_Fleece.xml" />
    <Xml Include="build\XML\Models_Floortile 1.xml" />
    <Xml Include="build\XML\Models_Floortile 2.xml" />
    <Xml Include="build\XML\Models_Floortile 3.xml" />
    <Xml Include="build\XML\Models_Floortile 4.xml" />
    <Xml Include="build\XML\Models_Floortile 5.xml" />
    <Xml Include="build\XML\Models_Floortile 6.xml" />
    <Xml Include="build\XML\Models_Floortile 7.xml" />
    <Xml Include="build\XML\Models_Folder.xml" />
    <Xml Include="build\XML\Models_Frosted Acrylic.xml" />
    <Xml Include="build\XML\Models_Gift Box.xml" />
    <Xml Include="build\XML\Models_Glitter Paper.xml" />
    <Xml Include="build\XML\Models_Greeting Card.xml" />
    <Xml Include="build\XML\Models_Leather 1 Back.xml" />
    <Xml Include="build\XML\Models_Leather 1 Front.xml" />
    <Xml Include="build\XML\Models_Leather 2 Back.xml" />
    <Xml Include="build\XML\Models_Leather 2 Front.xml" />
    <Xml Include="build\XML\Models_Masking Tape.xml" />
    <Xml Include="build\XML\Models_MDF.xml" />
    <Xml Include="build\XML\Models_Metal Mesh.xml" />
    <Xml Include="build\XML\Models_Metal Shelving.xml" />
    <Xml Include="build\XML\Models_Microfiber Cloth.xml" />
    <Xml Include="build\XML\Models_Nitrile Glove.xml" />
    <Xml Include="build\XML\Models_Nylon Bag.xml" />
    <Xml Include="build\XML\Models_Nylon Mesh.xml" />
    <Xml Include="build\XML\Models_Painted Brick.xml" />
    <Xml Include="build\XML\Models_Painted Wood.xml" />
    <Xml Include="build\XML\Models_Paper Bag.xml" />
    <Xml Include="build\XML\Models_Paper Plate 1.xml" />
    <Xml Include="build\XML\Models_Paper Plate 2.xml" />
    <Xml Include="build\XML\Models_Pink Foam.xml" />
    <Xml Include="build\XML\Models_Plastic Mesh 1.xml" />
    <Xml Include="build\XML\Models_Plastic Mesh 2.xml" />
    <Xml Include="build\XML\Models_Playing Card.xml" />
    <Xml Include="build\XML\Models_Pleather.xml" />
    <Xml Include="build\XML\Models_Polyethylene Foam.xml" />
    <Xml Include="build\XML\Models_Portfolio Cover.xml" />
    <Xml Include="build\XML\Models_Resin Carbon Fiber.xml" />
    <Xml Include="build\XML\Models_Resume Paper.xml" />
    <Xml Include="build\XML\Models_Rug Slip.xml" />
    <Xml Include="build\XML\Models_Sandpaper 100.xml" />
    <Xml Include="build\XML\Models_Sandpaper 220.xml" />
    <Xml Include="build\XML\Models_Sandpaper 320.xml" />
    <Xml Include="build\XML\Models_Sandpaper Aluminum Oxide.xml" />
    <Xml Include="build\XML\Models_Scouring Pad.xml" />
    <Xml Include="build\XML\Models_Silk 1.xml" />
    <Xml Include="build\XML\Models_Silk 2.xml" />
    <Xml Include="build\XML\Models_Stained Wood.xml" />
    <Xml Include="build\XML\Models_Stone Tile 1.xml" />
    <Xml Include="build\XML\Models_Stone Tile 2.xml" />
    <Xml Include="build\XML\Models_Styrofoam.xml" />
    <Xml Include="build\XML\Models_Tarp.xml" />
    <Xml Include="build\XML\Models_Terra Cotta.xml" />
    <Xml Include="build\XML\Models_Textured Cloth.xml" />
    <Xml Include="build\XML\Models_Textured Metal.xml" />
    <Xml Include="build\XML\Models_Textured Paper.xml" />
    <Xml Include="build\XML\Models_Textured Rubber.xml" />
    <Xml Include="build\XML\Models_Tissue Paper.xml" />
    <Xml Include="build\XML\Models_Towel.xml" />
    <Xml Include="build\XML\Models_Velcro Hooks.xml" />
    <Xml Include="build\XML\Models_Velcro Loops.xml" />
    <Xml Include="build\XML\Models_Velvet.xml" />
    <Xml Include="build\XML\Models_Vinyl 1.xml" />
    <Xml Include="build\XML\Models_Vinyl 2.xml" />
    <Xml Include="build\XML\Models_Wavy Acrylic.xml" />
    <Xml Include="build\XML\Models_Wax Paper.xml" />
    <Xml Include="build\XML\Models_Whiteboard Eraser.xml" />
    <Xml Include="build\XML\Models_Whiteboard.xml" />
    <Xml Include="build\XML\Models_Wood.xml" />
  </ItemGroup>
</Project>